
Microsoft Visual Studio Solution File, Format Version 12.00
# Visual Studio Version 16
VisualStudioVersion = 16.0.30503.244
MinimumVisualStudioVersion = 10.0.40219.1
Project("{FAE04EC0-301F-11D3-BF4B-00C04F79EFBC}") = "RestSharpTesting", "RestSharpTesting.csproj", "{5E617A4C-D29F-449A-92C9-023F3C3A8732}"
EndProject
Global
	GlobalSection(SolutionConfigurationPlatforms) = preSolution
		Debug|Any CPU = Debug|Any CPU
		Release|Any CPU = Release|Any CPU
	EndGlobalSection
	GlobalSection(ProjectConfigurationPlatforms) = postSolution
		{5E617A4C-D29F-449A-92C9-023F3C3A8732}.Debug|Any CPU.ActiveCfg = Debug|Any CPU
		{5E617A4C-D29F-449A-92C9-023F3C3A8732}.Debug|Any CPU.Build.0 = Debug|Any CPU
		{5E617A4C-D29F-449A-92C9-023F3C3A8732}.Release|Any CPU.ActiveCfg = Release|Any CPU
		{5E617A4C-D29F-449A-92C9-023F3C3A8732}.Release|Any CPU.Build.0 = Release|Any CPU
	EndGlobalSection
	GlobalSection(SolutionProperties) = preSolution
		HideSolutionNode = FALSE
	EndGlobalSection
	GlobalSection(ExtensibilityGlobals) = postSolution
		SolutionGuid = {7D7C28EF-D590-4BB0-86F1-E166D721292E}
	EndGlobalSection
EndGlobal
